
Microsoft Visual Studio Solution File, Format Version 12.00
Project("{FAE04EC0-301F-11D3-BF4B-00C04F79EFBC}") = "Ehandel", "Ehandel\Ehandel.csproj", "{DA1188BB-4589-47EF-8143-F1E98266131C}"
EndProject
Global
	GlobalSection(SolutionConfigurationPlatforms) = preSolution
		Debug|Any CPU = Debug|Any CPU
		Release|Any CPU = Release|Any CPU
	EndGlobalSection
	GlobalSection(ProjectConfigurationPlatforms) = postSolution
		{DA1188BB-4589-47EF-8143-F1E98266131C}.Debug|Any CPU.ActiveCfg = Debug|Any CPU
		{DA1188BB-4589-47EF-8143-F1E98266131C}.Debug|Any CPU.Build.0 = Debug|Any CPU
		{DA1188BB-4589-47EF-8143-F1E98266131C}.Release|Any CPU.ActiveCfg = Release|Any CPU
		{DA1188BB-4589-47EF-8143-F1E98266131C}.Release|Any CPU.Build.0 = Release|Any CPU
	EndGlobalSection
EndGlobal
